// !$*UTF8*$!
{
	archiveVersion = 1;
	classes = {
	};
	objectVersion = 50;
	objects = {

/* Begin PBXBuildFile section */
		C128B91E267C32EC00154BB5 /* Automation_UniversityApp.swift in Sources */ = {isa = PBXBuildFile; fileRef = C128B91D267C32EC00154BB5 /* Automation_UniversityApp.swift */; };
		C128B922267C32EF00154BB5 /* Assets.xcassets in Resources */ = {isa = PBXBuildFile; fileRef = C128B921267C32EF00154BB5 /* Assets.xcassets */; };
		C128B925267C32EF00154BB5 /* Preview Assets.xcassets in Resources */ = {isa = PBXBuildFile; fileRef = C128B924267C32EF00154BB5 /* Preview Assets.xcassets */; };
		C128B930267C32EF00154BB5 /* Automation_UniversityTests.swift in Sources */ = {isa = PBXBuildFile; fileRef = C128B92F267C32EF00154BB5 /* Automation_UniversityTests.swift */; };
		C128B93B267C32EF00154BB5 /* Automation_UniversityUITests.swift in Sources */ = {isa = PBXBuildFile; fileRef = C128B93A267C32EF00154BB5 /* Automation_UniversityUITests.swift */; };
		D3A670499DED268E9D10F64F /* CourseDetail.swift in Sources */ = {isa = PBXBuildFile; fileRef = D3A67E49186DE0880F825DE2 /* CourseDetail.swift */; };
		D3A670C58D86EDE0FAB3ED58 /* ModelData.swift in Sources */ = {isa = PBXBuildFile; fileRef = D3A675062E4E6F7BBF777E27 /* ModelData.swift */; };
		D3A673FFBF87D70478244DF0 /* comp-sci-courses.json in Resources */ = {isa = PBXBuildFile; fileRef = D3A67901531389BAEE0C6D31 /* comp-sci-courses.json */; };
		D3A67882F75CBD8B0317C01A /* Course.swift in Sources */ = {isa = PBXBuildFile; fileRef = D3A674CB9A4F2382861D709C /* Course.swift */; };
		D3A67C889EF72806FD9DF4A2 /* CourseRow.swift in Sources */ = {isa = PBXBuildFile; fileRef = D3A67200FBC6EF550450D74F /* CourseRow.swift */; };
/* End PBXBuildFile section */

/* Begin PBXContainerItemProxy section */
		C128B92C267C32EF00154BB5 /* PBXContainerItemProxy */ = {
			isa = PBXContainerItemProxy;
			containerPortal = C128B912267C32EC00154BB5 /* Project object */;
			proxyType = 1;
			remoteGlobalIDString = C128B919267C32EC00154BB5;
			remoteInfo = "Automation University";
		};
		C128B937267C32EF00154BB5 /* PBXContainerItemProxy */ = {
			isa = PBXContainerItemProxy;
			containerPortal = C128B912267C32EC00154BB5 /* Project object */;
			proxyType = 1;
			remoteGlobalIDString = C128B919267C32EC00154BB5;
			remoteInfo = "Automation University";
		};
/* End PBXContainerItemProxy section */

/* Begin PBXCopyFilesBuildPhase section */
		C160C404267C664000AD8A29 /* Embed Frameworks */ = {
			isa = PBXCopyFilesBuildPhase;
			buildActionMask = 2147483647;
			dstPath = "";
			dstSubfolderSpec = 10;
			files = (
			);
			name = "Embed Frameworks";
			runOnlyForDeploymentPostprocessing = 0;
		};
/* End PBXCopyFilesBuildPhase section */

/* Begin PBXFileReference section */
		C128B91A267C32EC00154BB5 /* Automation University.app */ = {isa = PBXFileReference; explicitFileType = wrapper.application; includeInIndex = 0; path = "Automation University.app"; sourceTree = BUILT_PRODUCTS_DIR; };
		C128B91D267C32EC00154BB5 /* Automation_UniversityApp.swift */ = {isa = PBXFileReference; lastKnownFileType = sourcecode.swift; path = Automation_UniversityApp.swift; sourceTree = "<group>"; };
		C128B921267C32EF00154BB5 /* Assets.xcassets */ = {isa = PBXFileReference; lastKnownFileType = folder.assetcatalog; path = Assets.xcassets; sourceTree = "<group>"; };
		C128B924267C32EF00154BB5 /* Preview Assets.xcassets */ = {isa = PBXFileReference; lastKnownFileType = folder.assetcatalog; path = "Preview Assets.xcassets"; sourceTree = "<group>"; };
		C128B926267C32EF00154BB5 /* Info.plist */ = {isa = PBXFileReference; lastKnownFileType = text.plist.xml; path = Info.plist; sourceTree = "<group>"; };
		C128B92B267C32EF00154BB5 /* Automation UniversityTests.xctest */ = {isa = PBXFileReference; explicitFileType = wrapper.cfbundle; includeInIndex = 0; path = "Automation UniversityTests.xctest"; sourceTree = BUILT_PRODUCTS_DIR; };
		C128B92F267C32EF00154BB5 /* Automation_UniversityTests.swift */ = {isa = PBXFileReference; lastKnownFileType = sourcecode.swift; path = Automation_UniversityTests.swift; sourceTree = "<group>"; };
		C128B931267C32EF00154BB5 /* Info.plist */ = {isa = PBXFileReference; lastKnownFileType = text.plist.xml; path = Info.plist; sourceTree = "<group>"; };
		C128B936267C32EF00154BB5 /* Automation UniversityUITests.xctest */ = {isa = PBXFileReference; explicitFileType = wrapper.cfbundle; includeInIndex = 0; path = "Automation UniversityUITests.xctest"; sourceTree = BUILT_PRODUCTS_DIR; };
		C128B93A267C32EF00154BB5 /* Automation_UniversityUITests.swift */ = {isa = PBXFileReference; lastKnownFileType = sourcecode.swift; path = Automation_UniversityUITests.swift; sourceTree = "<group>"; };
		C128B93C267C32EF00154BB5 /* Info.plist */ = {isa = PBXFileReference; lastKnownFileType = text.plist.xml; path = Info.plist; sourceTree = "<group>"; };
		D3A67200FBC6EF550450D74F /* CourseRow.swift */ = {isa = PBXFileReference; fileEncoding = 4; lastKnownFileType = sourcecode.swift; path = CourseRow.swift; sourceTree = "<group>"; };
		D3A674CB9A4F2382861D709C /* Course.swift */ = {isa = PBXFileReference; fileEncoding = 4; lastKnownFileType = sourcecode.swift; path = Course.swift; sourceTree = "<group>"; };
		D3A675062E4E6F7BBF777E27 /* ModelData.swift */ = {isa = PBXFileReference; fileEncoding = 4; lastKnownFileType = sourcecode.swift; path = ModelData.swift; sourceTree = "<group>"; };
		D3A67901531389BAEE0C6D31 /* comp-sci-courses.json */ = {isa = PBXFileReference; fileEncoding = 4; lastKnownFileType = text.json; path = "comp-sci-courses.json"; sourceTree = "<group>"; };
		D3A67E49186DE0880F825DE2 /* CourseDetail.swift */ = {isa = PBXFileReference; fileEncoding = 4; lastKnownFileType = sourcecode.swift; path = CourseDetail.swift; sourceTree = "<group>"; };
/* End PBXFileReference section */

/* Begin PBXFrameworksBuildPhase section */
		C128B917267C32EC00154BB5 /* Frameworks */ = {
			isa = PBXFrameworksBuildPhase;
			buildActionMask = 2147483647;
			files = (
			);
			runOnlyForDeploymentPostprocessing = 0;
		};
		C128B928267C32EF00154BB5 /* Frameworks */ = {
			isa = PBXFrameworksBuildPhase;
			buildActionMask = 2147483647;
			files = (
			);
			runOnlyForDeploymentPostprocessing = 0;
		};
		C128B933267C32EF00154BB5 /* Frameworks */ = {
			isa = PBXFrameworksBuildPhase;
			buildActionMask = 2147483647;
			files = (
			);
			runOnlyForDeploymentPostprocessing = 0;
		};
/* End PBXFrameworksBuildPhase section */

/* Begin PBXGroup section */
		C128B911267C32EC00154BB5 = {
			isa = PBXGroup;
			children = (
				C128B91C267C32EC00154BB5 /* Automation University */,
				C128B92E267C32EF00154BB5 /* Automation UniversityTests */,
				C128B939267C32EF00154BB5 /* Automation UniversityUITests */,
				C128B91B267C32EC00154BB5 /* Products */,
			);
			sourceTree = "<group>";
		};
		C128B91B267C32EC00154BB5 /* Products */ = {
			isa = PBXGroup;
			children = (
				C128B91A267C32EC00154BB5 /* Automation University.app */,
				C128B92B267C32EF00154BB5 /* Automation UniversityTests.xctest */,
				C128B936267C32EF00154BB5 /* Automation UniversityUITests.xctest */,
			);
			name = Products;
			sourceTree = "<group>";
		};
		C128B91C267C32EC00154BB5 /* Automation University */ = {
			isa = PBXGroup;
			children = (
				C128B91D267C32EC00154BB5 /* Automation_UniversityApp.swift */,
				C128B921267C32EF00154BB5 /* Assets.xcassets */,
				C128B926267C32EF00154BB5 /* Info.plist */,
				C128B923267C32EF00154BB5 /* Preview Content */,
				D3A673B5B9878391C92A17E3 /* Resources */,
				D3A67F3B6646CBEA592D6F06 /* Models */,
				D3A6700FBF3838C384ADC0DA /* Views */,
			);
			path = "Automation University";
			sourceTree = "<group>";
		};
		C128B923267C32EF00154BB5 /* Preview Content */ = {
			isa = PBXGroup;
			children = (
				C128B924267C32EF00154BB5 /* Preview Assets.xcassets */,
			);
			path = "Preview Content";
			sourceTree = "<group>";
		};
		C128B92E267C32EF00154BB5 /* Automation UniversityTests */ = {
			isa = PBXGroup;
			children = (
				C128B92F267C32EF00154BB5 /* Automation_UniversityTests.swift */,
				C128B931267C32EF00154BB5 /* Info.plist */,
			);
			path = "Automation UniversityTests";
			sourceTree = "<group>";
		};
		C128B939267C32EF00154BB5 /* Automation UniversityUITests */ = {
			isa = PBXGroup;
			children = (
				C128B93A267C32EF00154BB5 /* Automation_UniversityUITests.swift */,
				C128B93C267C32EF00154BB5 /* Info.plist */,
			);
			path = "Automation UniversityUITests";
			sourceTree = "<group>";
		};
		D3A6700FBF3838C384ADC0DA /* Views */ = {
			isa = PBXGroup;
			children = (
				D3A67E49186DE0880F825DE2 /* CourseDetail.swift */,
				D3A67200FBC6EF550450D74F /* CourseRow.swift */,
			);
			path = Views;
			sourceTree = "<group>";
		};
		D3A673B5B9878391C92A17E3 /* Resources */ = {
			isa = PBXGroup;
			children = (
				D3A67901531389BAEE0C6D31 /* comp-sci-courses.json */,
			);
			path = Resources;
			sourceTree = "<group>";
		};
		D3A67F3B6646CBEA592D6F06 /* Models */ = {
			isa = PBXGroup;
			children = (
				D3A674CB9A4F2382861D709C /* Course.swift */,
				D3A675062E4E6F7BBF777E27 /* ModelData.swift */,
			);
			path = Models;
			sourceTree = "<group>";
		};
/* End PBXGroup section */

/* Begin PBXNativeTarget section */
		C128B919267C32EC00154BB5 /* Automation University */ = {
			isa = PBXNativeTarget;
			buildConfigurationList = C128B93F267C32EF00154BB5 /* Build configuration list for PBXNativeTarget "Automation University" */;
			buildPhases = (
				C128B916267C32EC00154BB5 /* Sources */,
				C128B917267C32EC00154BB5 /* Frameworks */,
				C128B918267C32EC00154BB5 /* Resources */,
				C160C404267C664000AD8A29 /* Embed Frameworks */,
			);
			buildRules = (
			);
			dependencies = (
			);
			name = "Automation University";
			packageProductDependencies = (
			);
			productName = "Automation University";
			productReference = C128B91A267C32EC00154BB5 /* Automation University.app */;
			productType = "com.apple.product-type.application";
		};
		C128B92A267C32EF00154BB5 /* Automation UniversityTests */ = {
			isa = PBXNativeTarget;
			buildConfigurationList = C128B942267C32EF00154BB5 /* Build configuration list for PBXNativeTarget "Automation UniversityTests" */;
			buildPhases = (
				C128B927267C32EF00154BB5 /* Sources */,
				C128B928267C32EF00154BB5 /* Frameworks */,
				C128B929267C32EF00154BB5 /* Resources */,
			);
			buildRules = (
			);
			dependencies = (
				C128B92D267C32EF00154BB5 /* PBXTargetDependency */,
			);
			name = "Automation UniversityTests";
			productName = "Automation UniversityTests";
			productReference = C128B92B267C32EF00154BB5 /* Automation UniversityTests.xctest */;
			productType = "com.apple.product-type.bundle.unit-test";
		};
		C128B935267C32EF00154BB5 /* Automation UniversityUITests */ = {
			isa = PBXNativeTarget;
			buildConfigurationList = C128B945267C32EF00154BB5 /* Build configuration list for PBXNativeTarget "Automation UniversityUITests" */;
			buildPhases = (
				C128B932267C32EF00154BB5 /* Sources */,
				C128B933267C32EF00154BB5 /* Frameworks */,
				C128B934267C32EF00154BB5 /* Resources */,
			);
			buildRules = (
			);
			dependencies = (
				C128B938267C32EF00154BB5 /* PBXTargetDependency */,
			);
			name = "Automation UniversityUITests";
			productName = "Automation UniversityUITests";
			productReference = C128B936267C32EF00154BB5 /* Automation UniversityUITests.xctest */;
			productType = "com.apple.product-type.bundle.ui-testing";
		};
/* End PBXNativeTarget section */

/* Begin PBXProject section */
		C128B912267C32EC00154BB5 /* Project object */ = {
			isa = PBXProject;
			attributes = {
				CLASSPREFIX = "";
				LastSwiftUpdateCheck = 1250;
				LastUpgradeCheck = 1250;
				ORGANIZATIONNAME = InstaCode;
				TargetAttributes = {
					C128B919267C32EC00154BB5 = {
						CreatedOnToolsVersion = 12.5;
					};
					C128B92A267C32EF00154BB5 = {
						CreatedOnToolsVersion = 12.5;
						TestTargetID = C128B919267C32EC00154BB5;
					};
					C128B935267C32EF00154BB5 = {
						CreatedOnToolsVersion = 12.5;
						TestTargetID = C128B919267C32EC00154BB5;
					};
				};
			};
			buildConfigurationList = C128B915267C32EC00154BB5 /* Build configuration list for PBXProject "Automation University" */;
			compatibilityVersion = "Xcode 9.3";
			developmentRegion = en;
			hasScannedForEncodings = 0;
			knownRegions = (
				en,
				Base,
			);
			mainGroup = C128B911267C32EC00154BB5;
			packageReferences = (
			);
			productRefGroup = C128B91B267C32EC00154BB5 /* Products */;
			projectDirPath = "";
			projectRoot = "";
			targets = (
				C128B919267C32EC00154BB5 /* Automation University */,
				C128B92A267C32EF00154BB5 /* Automation UniversityTests */,
				C128B935267C32EF00154BB5 /* Automation UniversityUITests */,
			);
		};
/* End PBXProject section */

/* Begin PBXResourcesBuildPhase section */
		C128B918267C32EC00154BB5 /* Resources */ = {
			isa = PBXResourcesBuildPhase;
			buildActionMask = 2147483647;
			files = (
				C128B925267C32EF00154BB5 /* Preview Assets.xcassets in Resources */,
				C128B922267C32EF00154BB5 /* Assets.xcassets in Resources */,
				D3A673FFBF87D70478244DF0 /* comp-sci-courses.json in Resources */,
			);
			runOnlyForDeploymentPostprocessing = 0;
		};
		C128B929267C32EF00154BB5 /* Resources */ = {
			isa = PBXResourcesBuildPhase;
			buildActionMask = 2147483647;
			files = (
			);
			runOnlyForDeploymentPostprocessing = 0;
		};
		C128B934267C32EF00154BB5 /* Resources */ = {
			isa = PBXResourcesBuildPhase;
			buildActionMask = 2147483647;
			files = (
			);
			runOnlyForDeploymentPostprocessing = 0;
		};
/* End PBXResourcesBuildPhase section */

/* Begin PBXSourcesBuildPhase section */
		C128B916267C32EC00154BB5 /* Sources */ = {
			isa = PBXSourcesBuildPhase;
			buildActionMask = 2147483647;
			files = (
				C128B91E267C32EC00154BB5 /* Automation_UniversityApp.swift in Sources */,
				D3A670499DED268E9D10F64F /* CourseDetail.swift in Sources */,
				D3A67C889EF72806FD9DF4A2 /* CourseRow.swift in Sources */,
				D3A67882F75CBD8B0317C01A /* Course.swift in Sources */,
				D3A670C58D86EDE0FAB3ED58 /* ModelData.swift in Sources */,
			);
			runOnlyForDeploymentPostprocessing = 0;
		};
		C128B927267C32EF00154BB5 /* Sources */ = {
			isa = PBXSourcesBuildPhase;
			buildActionMask = 2147483647;
			files = (
				C128B930267C32EF00154BB5 /* Automation_UniversityTests.swift in Sources */,
			);
			runOnlyForDeploymentPostprocessing = 0;
		};
		C128B932267C32EF00154BB5 /* Sources */ = {
			isa = PBXSourcesBuildPhase;
			buildActionMask = 2147483647;
			files = (
				C128B93B267C32EF00154BB5 /* Automation_UniversityUITests.swift in Sources */,
			);
			runOnlyForDeploymentPostprocessing = 0;
		};
/* End PBXSourcesBuildPhase section */

/* Begin PBXTargetDependency section */
		C128B92D267C32EF00154BB5 /* PBXTargetDependency */ = {
			isa = PBXTargetDependency;
			target = C128B919267C32EC00154BB5 /* Automation University */;
			targetProxy = C128B92C267C32EF00154BB5 /* PBXContainerItemProxy */;
		};
		C128B938267C32EF00154BB5 /* PBXTargetDependency */ = {
			isa = PBXTargetDependency;
			target = C128B919267C32EC00154BB5 /* Automation University */;
			targetProxy = C128B937267C32EF00154BB5 /* PBXContainerItemProxy */;
		};
/* End PBXTargetDependency section */

/* Begin XCBuildConfiguration section */
		C128B93D267C32EF00154BB5 /* Debug */ = {
			isa = XCBuildConfiguration;
			buildSettings = {
				ALWAYS_SEARCH_USER_PATHS = NO;
				CLANG_ANALYZER_NONNULL = YES;
				CLANG_ANALYZER_NUMBER_OBJECT_CONVERSION = YES_AGGRESSIVE;
				CLANG_CXX_LANGUAGE_STANDARD = "gnu++14";
				CLANG_CXX_LIBRARY = "libc++";
				CLANG_ENABLE_MODULES = YES;
				CLANG_ENABLE_OBJC_ARC = YES;
				CLANG_ENABLE_OBJC_WEAK = YES;
				CLANG_WARN_BLOCK_CAPTURE_AUTORELEASING = YES;
				CLANG_WARN_BOOL_CONVERSION = YES;
				CLANG_WARN_COMMA = YES;
				CLANG_WARN_CONSTANT_CONVERSION = YES;
				CLANG_WARN_DEPRECATED_OBJC_IMPLEMENTATIONS = YES;
				CLANG_WARN_DIRECT_OBJC_ISA_USAGE = YES_ERROR;
				CLANG_WARN_DOCUMENTATION_COMMENTS = YES;
				CLANG_WARN_EMPTY_BODY = YES;
				CLANG_WARN_ENUM_CONVERSION = YES;
				CLANG_WARN_INFINITE_RECURSION = YES;
				CLANG_WARN_INT_CONVERSION = YES;
				CLANG_WARN_NON_LITERAL_NULL_CONVERSION = YES;
				CLANG_WARN_OBJC_IMPLICIT_RETAIN_SELF = YES;
				CLANG_WARN_OBJC_LITERAL_CONVERSION = YES;
				CLANG_WARN_OBJC_ROOT_CLASS = YES_ERROR;
				CLANG_WARN_QUOTED_INCLUDE_IN_FRAMEWORK_HEADER = YES;
				CLANG_WARN_RANGE_LOOP_ANALYSIS = YES;
				CLANG_WARN_STRICT_PROTOTYPES = YES;
				CLANG_WARN_SUSPICIOUS_MOVE = YES;
				CLANG_WARN_UNGUARDED_AVAILABILITY = YES_AGGRESSIVE;
				CLANG_WARN_UNREACHABLE_CODE = YES;
				CLANG_WARN__DUPLICATE_METHOD_MATCH = YES;
				COPY_PHASE_STRIP = NO;
				DEBUG_INFORMATION_FORMAT = dwarf;
				ENABLE_BITCODE = NO;
				ENABLE_STRICT_OBJC_MSGSEND = YES;
				ENABLE_TESTABILITY = YES;
				GCC_C_LANGUAGE_STANDARD = gnu11;
				GCC_DYNAMIC_NO_PIC = NO;
				GCC_NO_COMMON_BLOCKS = YES;
				GCC_OPTIMIZATION_LEVEL = 0;
				GCC_PREPROCESSOR_DEFINITIONS = (
					"DEBUG=1",
					"$(inherited)",
				);
				GCC_WARN_64_TO_32_BIT_CONVERSION = YES;
				GCC_WARN_ABOUT_RETURN_TYPE = YES_ERROR;
				GCC_WARN_UNDECLARED_SELECTOR = YES;
				GCC_WARN_UNINITIALIZED_AUTOS = YES_AGGRESSIVE;
				GCC_WARN_UNUSED_FUNCTION = YES;
				GCC_WARN_UNUSED_VARIABLE = YES;
				IPHONEOS_DEPLOYMENT_TARGET = 14.5;
				MTL_ENABLE_DEBUG_INFO = INCLUDE_SOURCE;
				MTL_FAST_MATH = YES;
				ONLY_ACTIVE_ARCH = YES;
				OTHER_LDFLAGS = (
					"-Xlinker",
					"-interposable",
					"-Xlinker",
					"-undefined",
					"-Xlinker",
					dynamic_lookup,
				);
				SDKROOT = iphoneos;
				SWIFT_ACTIVE_COMPILATION_CONDITIONS = DEBUG;
				SWIFT_OPTIMIZATION_LEVEL = "-Onone";
			};
			name = Debug;
		};
		C128B93E267C32EF00154BB5 /* Release */ = {
			isa = XCBuildConfiguration;
			buildSettings = {
				ALWAYS_SEARCH_USER_PATHS = NO;
				CLANG_ANALYZER_NONNULL = YES;
				CLANG_ANALYZER_NUMBER_OBJECT_CONVERSION = YES_AGGRESSIVE;
				CLANG_CXX_LANGUAGE_STANDARD = "gnu++14";
				CLANG_CXX_LIBRARY = "libc++";
				CLANG_ENABLE_MODULES = YES;
				CLANG_ENABLE_OBJC_ARC = YES;
				CLANG_ENABLE_OBJC_WEAK = YES;
				CLANG_WARN_BLOCK_CAPTURE_AUTORELEASING = YES;
				CLANG_WARN_BOOL_CONVERSION = YES;
				CLANG_WARN_COMMA = YES;
				CLANG_WARN_CONSTANT_CONVERSION = YES;
				CLANG_WARN_DEPRECATED_OBJC_IMPLEMENTATIONS = YES;
				CLANG_WARN_DIRECT_OBJC_ISA_USAGE = YES_ERROR;
				CLANG_WARN_DOCUMENTATION_COMMENTS = YES;
				CLANG_WARN_EMPTY_BODY = YES;
				CLANG_WARN_ENUM_CONVERSION = YES;
				CLANG_WARN_INFINITE_RECURSION = YES;
				CLANG_WARN_INT_CONVERSION = YES;
				CLANG_WARN_NON_LITERAL_NULL_CONVERSION = YES;
				CLANG_WARN_OBJC_IMPLICIT_RETAIN_SELF = YES;
				CLANG_WARN_OBJC_LITERAL_CONVERSION = YES;
				CLANG_WARN_OBJC_ROOT_CLASS = YES_ERROR;
				CLANG_WARN_QUOTED_INCLUDE_IN_FRAMEWORK_HEADER = YES;
				CLANG_WARN_RANGE_LOOP_ANALYSIS = YES;
				CLANG_WARN_STRICT_PROTOTYPES = YES;
				CLANG_WARN_SUSPICIOUS_MOVE = YES;
				CLANG_WARN_UNGUARDED_AVAILABILITY = YES_AGGRESSIVE;
				CLANG_WARN_UNREACHABLE_CODE = YES;
				CLANG_WARN__DUPLICATE_METHOD_MATCH = YES;
				COPY_PHASE_STRIP = NO;
				DEBUG_INFORMATION_FORMAT = "dwarf-with-dsym";
				ENABLE_NS_ASSERTIONS = NO;
				ENABLE_STRICT_OBJC_MSGSEND = YES;
				GCC_C_LANGUAGE_STANDARD = gnu11;
				GCC_NO_COMMON_BLOCKS = YES;
				GCC_WARN_64_TO_32_BIT_CONVERSION = YES;
				GCC_WARN_ABOUT_RETURN_TYPE = YES_ERROR;
				GCC_WARN_UNDECLARED_SELECTOR = YES;
				GCC_WARN_UNINITIALIZED_AUTOS = YES_AGGRESSIVE;
				GCC_WARN_UNUSED_FUNCTION = YES;
				GCC_WARN_UNUSED_VARIABLE = YES;
				IPHONEOS_DEPLOYMENT_TARGET = 14.5;
				MTL_ENABLE_DEBUG_INFO = NO;
				MTL_FAST_MATH = YES;
				SDKROOT = iphoneos;
				SWIFT_COMPILATION_MODE = wholemodule;
				SWIFT_OPTIMIZATION_LEVEL = "-O";
				VALIDATE_PRODUCT = YES;
			};
			name = Release;
		};
		C128B940267C32EF00154BB5 /* Debug */ = {
			isa = XCBuildConfiguration;
			buildSettings = {
				ASSETCATALOG_COMPILER_APPICON_NAME = AppIcon;
				ASSETCATALOG_COMPILER_GLOBAL_ACCENT_COLOR_NAME = AccentColor;
				CODE_SIGN_STYLE = Automatic;
				DEVELOPMENT_ASSET_PATHS = "\"Automation University/Preview Content\"";
				DEVELOPMENT_TEAM = 4BUU48BDND;
				ENABLE_BITCODE = NO;
				ENABLE_PREVIEWS = YES;
				INFOPLIST_FILE = "Automation University/Info.plist";
				IPHONEOS_DEPLOYMENT_TARGET = 14.0;
				LD_RUNPATH_SEARCH_PATHS = (
					"$(inherited)",
					"@executable_path/Frameworks",
				);
				OTHER_LDFLAGS = (
					"-Xlinker",
					"-interposable",
					"-Xlinker",
					"-undefined",
					"-Xlinker",
					dynamic_lookup,
				);
				PRODUCT_BUNDLE_IDENTIFIER = "io.instacode.Automation-University";
				PRODUCT_NAME = "$(TARGET_NAME)";
				SWIFT_VERSION = 5.0;
				TARGETED_DEVICE_FAMILY = "1,2";
			};
			name = Debug;
		};
		C128B941267C32EF00154BB5 /* Release */ = {
			isa = XCBuildConfiguration;
			buildSettings = {
				ASSETCATALOG_COMPILER_APPICON_NAME = AppIcon;
				ASSETCATALOG_COMPILER_GLOBAL_ACCENT_COLOR_NAME = AccentColor;
				CODE_SIGN_STYLE = Automatic;
				DEVELOPMENT_ASSET_PATHS = "\"Automation University/Preview Content\"";
				DEVELOPMENT_TEAM = 4BUU48BDND;
				ENABLE_PREVIEWS = YES;
				INFOPLIST_FILE = "Automation University/Info.plist";
				IPHONEOS_DEPLOYMENT_TARGET = 14.0;
				LD_RUNPATH_SEARCH_PATHS = (
					"$(inherited)",
					"@executable_path/Frameworks",
				);
				PRODUCT_BUNDLE_IDENTIFIER = "io.instacode.Automation-University";
				PRODUCT_NAME = "$(TARGET_NAME)";
				SWIFT_VERSION = 5.0;
				TARGETED_DEVICE_FAMILY = "1,2";
			};
			name = Release;
		};
		C128B943267C32EF00154BB5 /* Debug */ = {
			isa = XCBuildConfiguration;
			buildSettings = {
				ALWAYS_EMBED_SWIFT_STANDARD_LIBRARIES = YES;
				BUNDLE_LOADER = "$(TEST_HOST)";
				CODE_SIGN_STYLE = Automatic;
				DEVELOPMENT_TEAM = 4BUU48BDND;
				ENABLE_BITCODE = NO;
				INFOPLIST_FILE = "Automation UniversityTests/Info.plist";
				IPHONEOS_DEPLOYMENT_TARGET = 14.0;
				LD_RUNPATH_SEARCH_PATHS = (
					"$(inherited)",
					"@executable_path/Frameworks",
					"@loader_path/Frameworks",
				);
				OTHER_LDFLAGS = (
					"-Xlinker",
					"-interposable",
					"-Xlinker",
					"-undefined",
					"-Xlinker",
					dynamic_lookup,
				);
				PRODUCT_BUNDLE_IDENTIFIER = "io.instacode.Automation-UniversityTests";
				PRODUCT_NAME = "$(TARGET_NAME)";
				SWIFT_VERSION = 5.0;
				TARGETED_DEVICE_FAMILY = "1,2";
				TEST_HOST = "$(BUILT_PRODUCTS_DIR)/Automation University.app/Automation University";
			};
			name = Debug;
		};
		C128B944267C32EF00154BB5 /* Release */ = {
			isa = XCBuildConfiguration;
			buildSettings = {
				ALWAYS_EMBED_SWIFT_STANDARD_LIBRARIES = YES;
				BUNDLE_LOADER = "$(TEST_HOST)";
				CODE_SIGN_STYLE = Automatic;
				DEVELOPMENT_TEAM = 4BUU48BDND;
				INFOPLIST_FILE = "Automation UniversityTests/Info.plist";
				IPHONEOS_DEPLOYMENT_TARGET = 14.0;
				LD_RUNPATH_SEARCH_PATHS = (
					"$(inherited)",
					"@executable_path/Frameworks",
					"@loader_path/Frameworks",
				);
				PRODUCT_BUNDLE_IDENTIFIER = "io.instacode.Automation-UniversityTests";
				PRODUCT_NAME = "$(TARGET_NAME)";
				SWIFT_VERSION = 5.0;
				TARGETED_DEVICE_FAMILY = "1,2";
				TEST_HOST = "$(BUILT_PRODUCTS_DIR)/Automation University.app/Automation University";
			};
			name = Release;
		};
		C128B946267C32EF00154BB5 /* Debug */ = {
			isa = XCBuildConfiguration;
			buildSettings = {
				ALWAYS_EMBED_SWIFT_STANDARD_LIBRARIES = YES;
				CODE_SIGN_STYLE = Automatic;
				DEVELOPMENT_TEAM = 4BUU48BDND;
				ENABLE_BITCODE = NO;
				INFOPLIST_FILE = "Automation UniversityUITests/Info.plist";
				LD_RUNPATH_SEARCH_PATHS = (
					"$(inherited)",
					"@executable_path/Frameworks",
					"@loader_path/Frameworks",
				);
				OTHER_LDFLAGS = (
					"-Xlinker",
					"-interposable",
					"-Xlinker",
					"-undefined",
					"-Xlinker",
					dynamic_lookup,
				);
				PRODUCT_BUNDLE_IDENTIFIER = "io.instacode.Automation-UniversityUITests";
				PRODUCT_NAME = "$(TARGET_NAME)";
				SWIFT_VERSION = 5.0;
				TARGETED_DEVICE_FAMILY = "1,2";
				TEST_TARGET_NAME = "Automation University";
			};
			name = Debug;
		};
		C128B947267C32EF00154BB5 /* Release */ = {
			isa = XCBuildConfiguration;
			buildSettings = {
				ALWAYS_EMBED_SWIFT_STANDARD_LIBRARIES = YES;
				CODE_SIGN_STYLE = Automatic;
				DEVELOPMENT_TEAM = 4BUU48BDND;
				INFOPLIST_FILE = "Automation UniversityUITests/Info.plist";
				LD_RUNPATH_SEARCH_PATHS = (
					"$(inherited)",
					"@executable_path/Frameworks",
					"@loader_path/Frameworks",
				);
				PRODUCT_BUNDLE_IDENTIFIER = "io.instacode.Automation-UniversityUITests";
				PRODUCT_NAME = "$(TARGET_NAME)";
				SWIFT_VERSION = 5.0;
				TARGETED_DEVICE_FAMILY = "1,2";
				TEST_TARGET_NAME = "Automation University";
			};
			name = Release;
		};
/* End XCBuildConfiguration section */

/* Begin XCConfigurationList section */
		C128B915267C32EC00154BB5 /* Build configuration list for PBXProject "Automation University" */ = {
			isa = XCConfigurationList;
			buildConfigurations = (
				C128B93D267C32EF00154BB5 /* Debug */,
				C128B93E267C32EF00154BB5 /* Release */,
			);
			defaultConfigurationIsVisible = 0;
			defaultConfigurationName = Release;
		};
		C128B93F267C32EF00154BB5 /* Build configuration list for PBXNativeTarget "Automation University" */ = {
			isa = XCConfigurationList;
			buildConfigurations = (
				C128B940267C32EF00154BB5 /* Debug */,
				C128B941267C32EF00154BB5 /* Release */,
			);
			defaultConfigurationIsVisible = 0;
			defaultConfigurationName = Release;
		};
		C128B942267C32EF00154BB5 /* Build configuration list for PBXNativeTarget "Automation UniversityTests" */ = {
			isa = XCConfigurationList;
			buildConfigurations = (
				C128B943267C32EF00154BB5 /* Debug */,
				C128B944267C32EF00154BB5 /* Release */,
			);
			defaultConfigurationIsVisible = 0;
			defaultConfigurationName = Release;
		};
		C128B945267C32EF00154BB5 /* Build configuration list for PBXNativeTarget "Automation UniversityUITests" */ = {
			isa = XCConfigurationList;
			buildConfigurations = (
				C128B946267C32EF00154BB5 /* Debug */,
				C128B947267C32EF00154BB5 /* Release */,
			);
			defaultConfigurationIsVisible = 0;
			defaultConfigurationName = Release;
		};
/* End XCConfigurationList section */
	};
	rootObject = C128B912267C32EC00154BB5 /* Project object */;
}
